
Microsoft Visual Studio Solution File, Format Version 12.00
# Visual Studio Version 16
VisualStudioVersion = 16.0.29215.179
MinimumVisualStudioVersion = 10.0.40219.1
Project("{FAE04EC0-301F-11D3-BF4B-00C04F79EFBC}") = "StoryWriter", "StoryWriter\StoryWriter.csproj", "{88DC6BEB-D2E1-48DB-8033-5BB0E34B5731}"
EndProject
Global
	GlobalSection(SolutionConfigurationPlatforms) = preSolution
		Debug|Any CPU = Debug|Any CPU
		Release|Any CPU = Release|Any CPU
	EndGlobalSection
	GlobalSection(ProjectConfigurationPlatforms) = postSolution
		{88DC6BEB-D2E1-48DB-8033-5BB0E34B5731}.Debug|Any CPU.ActiveCfg = Debug|Any CPU
		{88DC6BEB-D2E1-48DB-8033-5BB0E34B5731}.Debug|Any CPU.Build.0 = Debug|Any CPU
		{88DC6BEB-D2E1-48DB-8033-5BB0E34B5731}.Release|Any CPU.ActiveCfg = Release|Any CPU
		{88DC6BEB-D2E1-48DB-8033-5BB0E34B5731}.Release|Any CPU.Build.0 = Release|Any CPU
	EndGlobalSection
	GlobalSection(SolutionProperties) = preSolution
		HideSolutionNode = FALSE
	EndGlobalSection
	GlobalSection(ExtensibilityGlobals) = postSolution
		SolutionGuid = {C7161582-21E9-419D-8456-FE83F1BBB2D1}
	EndGlobalSection
EndGlobal
