
Microsoft Visual Studio Solution File, Format Version 12.00
# Visual Studio Version 16
VisualStudioVersion = 16.0.30320.27
MinimumVisualStudioVersion = 10.0.40219.1
Project("{FAE04EC0-301F-11D3-BF4B-00C04F79EFBC}") = "Storyteller", "Storyteller\Storyteller.csproj", "{1330E5EE-8850-4B8C-B8DF-2518FF3683B5}"
EndProject
Global
	GlobalSection(SolutionConfigurationPlatforms) = preSolution
		Debug|Any CPU = Debug|Any CPU
		Release|Any CPU = Release|Any CPU
	EndGlobalSection
	GlobalSection(ProjectConfigurationPlatforms) = postSolution
		{1330E5EE-8850-4B8C-B8DF-2518FF3683B5}.Debug|Any CPU.ActiveCfg = Debug|Any CPU
		{1330E5EE-8850-4B8C-B8DF-2518FF3683B5}.Debug|Any CPU.Build.0 = Debug|Any CPU
		{1330E5EE-8850-4B8C-B8DF-2518FF3683B5}.Release|Any CPU.ActiveCfg = Release|Any CPU
		{1330E5EE-8850-4B8C-B8DF-2518FF3683B5}.Release|Any CPU.Build.0 = Release|Any CPU
	EndGlobalSection
	GlobalSection(SolutionProperties) = preSolution
		HideSolutionNode = FALSE
	EndGlobalSection
	GlobalSection(ExtensibilityGlobals) = postSolution
		SolutionGuid = {0C01D5B3-83B1-416F-8246-F208D1BC9D4C}
	EndGlobalSection
EndGlobal
